
Microsoft Visual Studio Solution File, Format Version 12.00
# Visual Studio Version 16
VisualStudioVersion = 16.0.31205.134
MinimumVisualStudioVersion = 10.0.40219.1
Project("{FAE04EC0-301F-11D3-BF4B-00C04F79EFBC}") = "FindMaximumNumber", "FindMaximumNumber\FindMaximumNumber.csproj", "{709DE796-3078-487E-BA92-26EBD74B37A8}"
EndProject
Project("{FAE04EC0-301F-11D3-BF4B-00C04F79EFBC}") = "MaximunNumber_MSTest", "MaximunNumber_MSTest\MaximunNumber_MSTest.csproj", "{750C73C7-BD29-4BDF-B6F3-4C1C96056599}"
EndProject
Global
	GlobalSection(SolutionConfigurationPlatforms) = preSolution
		Debug|Any CPU = Debug|Any CPU
		Release|Any CPU = Release|Any CPU
	EndGlobalSection
	GlobalSection(ProjectConfigurationPlatforms) = postSolution
		{709DE796-3078-487E-BA92-26EBD74B37A8}.Debug|Any CPU.ActiveCfg = Debug|Any CPU
		{709DE796-3078-487E-BA92-26EBD74B37A8}.Debug|Any CPU.Build.0 = Debug|Any CPU
		{709DE796-3078-487E-BA92-26EBD74B37A8}.Release|Any CPU.ActiveCfg = Release|Any CPU
		{709DE796-3078-487E-BA92-26EBD74B37A8}.Release|Any CPU.Build.0 = Release|Any CPU
		{750C73C7-BD29-4BDF-B6F3-4C1C96056599}.Debug|Any CPU.ActiveCfg = Debug|Any CPU
		{750C73C7-BD29-4BDF-B6F3-4C1C96056599}.Debug|Any CPU.Build.0 = Debug|Any CPU
		{750C73C7-BD29-4BDF-B6F3-4C1C96056599}.Release|Any CPU.ActiveCfg = Release|Any CPU
		{750C73C7-BD29-4BDF-B6F3-4C1C96056599}.Release|Any CPU.Build.0 = Release|Any CPU
	EndGlobalSection
	GlobalSection(SolutionProperties) = preSolution
		HideSolutionNode = FALSE
	EndGlobalSection
	GlobalSection(ExtensibilityGlobals) = postSolution
		SolutionGuid = {2341AB19-EEE2-47CE-962C-A446F49C391F}
	EndGlobalSection
EndGlobal
